// !$*UTF8*$!
{
	archiveVersion = 1;
	classes = {
	};
	objectVersion = 46;
	objects = {

/* Begin PBXBuildFile section */
		D4B77B811ABAE2370064171D /* main.m in Sources */ = {isa = PBXBuildFile; fileRef = D4B77B801ABAE2370064171D /* main.m */; };
		D4B77B841ABAE2370064171D /* AppDelegate.m in Sources */ = {isa = PBXBuildFile; fileRef = D4B77B831ABAE2370064171D /* AppDelegate.m */; };
		D4B77B871ABAE2370064171D /* ViewController.m in Sources */ = {isa = PBXBuildFile; fileRef = D4B77B861ABAE2370064171D /* ViewController.m */; };
		D4B77B8A1ABAE2370064171D /* Main.storyboard in Resources */ = {isa = PBXBuildFile; fileRef = D4B77B881ABAE2370064171D /* Main.storyboard */; };
		D4B77B8C1ABAE2370064171D /* Images.xcassets in Resources */ = {isa = PBXBuildFile; fileRef = D4B77B8B1ABAE2370064171D /* Images.xcassets */; };
		D4B77B8F1ABAE2370064171D /* LaunchScreen.xib in Resources */ = {isa = PBXBuildFile; fileRef = D4B77B8D1ABAE2370064171D /* LaunchScreen.xib */; };
		D4B77B9B1ABAE2370064171D /* MQPullToRefreshDemoTests.m in Sources */ = {isa = PBXBuildFile; fileRef = D4B77B9A1ABAE2370064171D /* MQPullToRefreshDemoTests.m */; };
		D4B77BA61ABAE25C0064171D /* UIScrollView+MQPullToRefresh.m in Sources */ = {isa = PBXBuildFile; fileRef = D4B77BA51ABAE25C0064171D /* UIScrollView+MQPullToRefresh.m */; };
		D4B77BA91ABAE3B60064171D /* MQPullToRefreshView.m in Sources */ = {isa = PBXBuildFile; fileRef = D4B77BA81ABAE3B60064171D /* MQPullToRefreshView.m */; };
/* End PBXBuildFile section */

/* Begin PBXContainerItemProxy section */
		D4B77B951ABAE2370064171D /* PBXContainerItemProxy */ = {
			isa = PBXContainerItemProxy;
			containerPortal = D4B77B731ABAE2370064171D /* Project object */;
			proxyType = 1;
			remoteGlobalIDString = D4B77B7A1ABAE2370064171D;
			remoteInfo = MQPullToRefreshDemo;
		};
/* End PBXContainerItemProxy section */

/* Begin PBXFileReference section */
		D4B77B7B1ABAE2370064171D /* MQPullToRefreshDemo.app */ = {isa = PBXFileReference; explicitFileType = wrapper.application; includeInIndex = 0; path = MQPullToRefreshDemo.app; sourceTree = BUILT_PRODUCTS_DIR; };
		D4B77B7F1ABAE2370064171D /* Info.plist */ = {isa = PBXFileReference; lastKnownFileType = text.plist.xml; path = Info.plist; sourceTree = "<group>"; };
		D4B77B801ABAE2370064171D /* main.m */ = {isa = PBXFileReference; lastKnownFileType = sourcecode.c.objc; path = main.m; sourceTree = "<group>"; };
		D4B77B821ABAE2370064171D /* AppDelegate.h */ = {isa = PBXFileReference; lastKnownFileType = sourcecode.c.h; path = AppDelegate.h; sourceTree = "<group>"; };
		D4B77B831ABAE2370064171D /* AppDelegate.m */ = {isa = PBXFileReference; lastKnownFileType = sourcecode.c.objc; path = AppDelegate.m; sourceTree = "<group>"; };
		D4B77B851ABAE2370064171D /* ViewController.h */ = {isa = PBXFileReference; lastKnownFileType = sourcecode.c.h; path = ViewController.h; sourceTree = "<group>"; };
		D4B77B861ABAE2370064171D /* ViewController.m */ = {isa = PBXFileReference; lastKnownFileType = sourcecode.c.objc; path = ViewController.m; sourceTree = "<group>"; };
		D4B77B891ABAE2370064171D /* Base */ = {isa = PBXFileReference; lastKnownFileType = file.storyboard; name = Base; path = Base.lproj/Main.storyboard; sourceTree = "<group>"; };
		D4B77B8B1ABAE2370064171D /* Images.xcassets */ = {isa = PBXFileReference; lastKnownFileType = folder.assetcatalog; path = Images.xcassets; sourceTree = "<group>"; };
		D4B77B8E1ABAE2370064171D /* Base */ = {isa = PBXFileReference; lastKnownFileType = file.xib; name = Base; path = Base.lproj/LaunchScreen.xib; sourceTree = "<group>"; };
		D4B77B941ABAE2370064171D /* MQPullToRefreshDemoTests.xctest */ = {isa = PBXFileReference; explicitFileType = wrapper.cfbundle; includeInIndex = 0; path = MQPullToRefreshDemoTests.xctest; sourceTree = BUILT_PRODUCTS_DIR; };
		D4B77B991ABAE2370064171D /* Info.plist */ = {isa = PBXFileReference; lastKnownFileType = text.plist.xml; path = Info.plist; sourceTree = "<group>"; };
		D4B77B9A1ABAE2370064171D /* MQPullToRefreshDemoTests.m */ = {isa = PBXFileReference; lastKnownFileType = sourcecode.c.objc; path = MQPullToRefreshDemoTests.m; sourceTree = "<group>"; };
		D4B77BA41ABAE25C0064171D /* UIScrollView+MQPullToRefresh.h */ = {isa = PBXFileReference; fileEncoding = 4; lastKnownFileType = sourcecode.c.h; path = "UIScrollView+MQPullToRefresh.h"; sourceTree = "<group>"; };
		D4B77BA51ABAE25C0064171D /* UIScrollView+MQPullToRefresh.m */ = {isa = PBXFileReference; fileEncoding = 4; lastKnownFileType = sourcecode.c.objc; path = "UIScrollView+MQPullToRefresh.m"; sourceTree = "<group>"; };
		D4B77BA71ABAE3B60064171D /* MQPullToRefreshView.h */ = {isa = PBXFileReference; fileEncoding = 4; lastKnownFileType = sourcecode.c.h; path = MQPullToRefreshView.h; sourceTree = "<group>"; };
		D4B77BA81ABAE3B60064171D /* MQPullToRefreshView.m */ = {isa = PBXFileReference; fileEncoding = 4; lastKnownFileType = sourcecode.c.objc; path = MQPullToRefreshView.m; sourceTree = "<group>"; };
/* End PBXFileReference section */

/* Begin PBXFrameworksBuildPhase section */
		D4B77B781ABAE2370064171D /* Frameworks */ = {
			isa = PBXFrameworksBuildPhase;
			buildActionMask = 2147483647;
			files = (
			);
			runOnlyForDeploymentPostprocessing = 0;
		};
		D4B77B911ABAE2370064171D /* Frameworks */ = {
			isa = PBXFrameworksBuildPhase;
			buildActionMask = 2147483647;
			files = (
			);
			runOnlyForDeploymentPostprocessing = 0;
		};
/* End PBXFrameworksBuildPhase section */

/* Begin PBXGroup section */
		D4B77B721ABAE2370064171D = {
			isa = PBXGroup;
			children = (
				D4B77B7D1ABAE2370064171D /* MQPullToRefreshDemo */,
				D4B77B971ABAE2370064171D /* MQPullToRefreshDemoTests */,
				D4B77B7C1ABAE2370064171D /* Products */,
			);
			sourceTree = "<group>";
		};
		D4B77B7C1ABAE2370064171D /* Products */ = {
			isa = PBXGroup;
			children = (
				D4B77B7B1ABAE2370064171D /* MQPullToRefreshDemo.app */,
				D4B77B941ABAE2370064171D /* MQPullToRefreshDemoTests.xctest */,
			);
			name = Products;
			sourceTree = "<group>";
		};
		D4B77B7D1ABAE2370064171D /* MQPullToRefreshDemo */ = {
			isa = PBXGroup;
			children = (
				D4B77B821ABAE2370064171D /* AppDelegate.h */,
				D4B77B831ABAE2370064171D /* AppDelegate.m */,
				D4B77B851ABAE2370064171D /* ViewController.h */,
				D4B77B861ABAE2370064171D /* ViewController.m */,
				D4B77BA41ABAE25C0064171D /* UIScrollView+MQPullToRefresh.h */,
				D4B77BA51ABAE25C0064171D /* UIScrollView+MQPullToRefresh.m */,
				D4B77BA71ABAE3B60064171D /* MQPullToRefreshView.h */,
				D4B77BA81ABAE3B60064171D /* MQPullToRefreshView.m */,
				D4B77B881ABAE2370064171D /* Main.storyboard */,
				D4B77B8B1ABAE2370064171D /* Images.xcassets */,
				D4B77B8D1ABAE2370064171D /* LaunchScreen.xib */,
				D4B77B7E1ABAE2370064171D /* Supporting Files */,
			);
			path = MQPullToRefreshDemo;
			sourceTree = "<group>";
		};
		D4B77B7E1ABAE2370064171D /* Supporting Files */ = {
			isa = PBXGroup;
			children = (
				D4B77B7F1ABAE2370064171D /* Info.plist */,
				D4B77B801ABAE2370064171D /* main.m */,
			);
			name = "Supporting Files";
			sourceTree = "<group>";
		};
		D4B77B971ABAE2370064171D /* MQPullToRefreshDemoTests */ = {
			isa = PBXGroup;
			children = (
				D4B77B9A1ABAE2370064171D /* MQPullToRefreshDemoTests.m */,
				D4B77B981ABAE2370064171D /* Supporting Files */,
			);
			path = MQPullToRefreshDemoTests;
			sourceTree = "<group>";
		};
		D4B77B981ABAE2370064171D /* Supporting Files */ = {
			isa = PBXGroup;
			children = (
				D4B77B991ABAE2370064171D /* Info.plist */,
			);
			name = "Supporting Files";
			sourceTree = "<group>";
		};
/* End PBXGroup section */

/* Begin PBXNativeTarget section */
		D4B77B7A1ABAE2370064171D /* MQPullToRefreshDemo */ = {
			isa = PBXNativeTarget;
			buildConfigurationList = D4B77B9E1ABAE2370064171D /* Build configuration list for PBXNativeTarget "MQPullToRefreshDemo" */;
			buildPhases = (
				D4B77B771ABAE2370064171D /* Sources */,
				D4B77B781ABAE2370064171D /* Frameworks */,
				D4B77B791ABAE2370064171D /* Resources */,
			);
			buildRules = (
			);
			dependencies = (
			);
			name = MQPullToRefreshDemo;
			productName = MQPullToRefreshDemo;
			productReference = D4B77B7B1ABAE2370064171D /* MQPullToRefreshDemo.app */;
			productType = "com.apple.product-type.application";
		};
		D4B77B931ABAE2370064171D /* MQPullToRefreshDemoTests */ = {
			isa = PBXNativeTarget;
			buildConfigurationList = D4B77BA11ABAE2370064171D /* Build configuration list for PBXNativeTarget "MQPullToRefreshDemoTests" */;
			buildPhases = (
				D4B77B901ABAE2370064171D /* Sources */,
				D4B77B911ABAE2370064171D /* Frameworks */,
				D4B77B921ABAE2370064171D /* Resources */,
			);
			buildRules = (
			);
			dependencies = (
				D4B77B961ABAE2370064171D /* PBXTargetDependency */,
			);
			name = MQPullToRefreshDemoTests;
			productName = MQPullToRefreshDemoTests;
			productReference = D4B77B941ABAE2370064171D /* MQPullToRefreshDemoTests.xctest */;
			productType = "com.apple.product-type.bundle.unit-test";
		};
/* End PBXNativeTarget section */

/* Begin PBXProject section */
		D4B77B731ABAE2370064171D /* Project object */ = {
			isa = PBXProject;
			attributes = {
				LastUpgradeCheck = 0620;
				ORGANIZATIONNAME = maquan;
				TargetAttributes = {
					D4B77B7A1ABAE2370064171D = {
						CreatedOnToolsVersion = 6.2;
					};
					D4B77B931ABAE2370064171D = {
						CreatedOnToolsVersion = 6.2;
						TestTargetID = D4B77B7A1ABAE2370064171D;
					};
				};
			};
			buildConfigurationList = D4B77B761ABAE2370064171D /* Build configuration list for PBXProject "MQPullToRefreshDemo" */;
			compatibilityVersion = "Xcode 3.2";
			developmentRegion = English;
			hasScannedForEncodings = 0;
			knownRegions = (
				en,
				Base,
			);
			mainGroup = D4B77B721ABAE2370064171D;
			productRefGroup = D4B77B7C1ABAE2370064171D /* Products */;
			projectDirPath = "";
			projectRoot = "";
			targets = (
				D4B77B7A1ABAE2370064171D /* MQPullToRefreshDemo */,
				D4B77B931ABAE2370064171D /* MQPullToRefreshDemoTests */,
			);
		};
/* End PBXProject section */

/* Begin PBXResourcesBuildPhase section */
		D4B77B791ABAE2370064171D /* Resources */ = {
			isa = PBXResourcesBuildPhase;
			buildActionMask = 2147483647;
			files = (
				D4B77B8A1ABAE2370064171D /* Main.storyboard in Resources */,
				D4B77B8F1ABAE2370064171D /* LaunchScreen.xib in Resources */,
				D4B77B8C1ABAE2370064171D /* Images.xcassets in Resources */,
			);
			runOnlyForDeploymentPostprocessing = 0;
		};
		D4B77B921ABAE2370064171D /* Resources */ = {
			isa = PBXResourcesBuildPhase;
			buildActionMask = 2147483647;
			files = (
			);
			runOnlyForDeploymentPostprocessing = 0;
		};
/* End PBXResourcesBuildPhase section */

/* Begin PBXSourcesBuildPhase section */
		D4B77B771ABAE2370064171D /* Sources */ = {
			isa = PBXSourcesBuildPhase;
			buildActionMask = 2147483647;
			files = (
				D4B77BA91ABAE3B60064171D /* MQPullToRefreshView.m in Sources */,
				D4B77B871ABAE2370064171D /* ViewController.m in Sources */,
				D4B77BA61ABAE25C0064171D /* UIScrollView+MQPullToRefresh.m in Sources */,
				D4B77B841ABAE2370064171D /* AppDelegate.m in Sources */,
				D4B77B811ABAE2370064171D /* main.m in Sources */,
			);
			runOnlyForDeploymentPostprocessing = 0;
		};
		D4B77B901ABAE2370064171D /* Sources */ = {
			isa = PBXSourcesBuildPhase;
			buildActionMask = 2147483647;
			files = (
				D4B77B9B1ABAE2370064171D /* MQPullToRefreshDemoTests.m in Sources */,
			);
			runOnlyForDeploymentPostprocessing = 0;
		};
/* End PBXSourcesBuildPhase section */

/* Begin PBXTargetDependency section */
		D4B77B961ABAE2370064171D /* PBXTargetDependency */ = {
			isa = PBXTargetDependency;
			target = D4B77B7A1ABAE2370064171D /* MQPullToRefreshDemo */;
			targetProxy = D4B77B951ABAE2370064171D /* PBXContainerItemProxy */;
		};
/* End PBXTargetDependency section */

/* Begin PBXVariantGroup section */
		D4B77B881ABAE2370064171D /* Main.storyboard */ = {
			isa = PBXVariantGroup;
			children = (
				D4B77B891ABAE2370064171D /* Base */,
			);
			name = Main.storyboard;
			sourceTree = "<group>";
		};
		D4B77B8D1ABAE2370064171D /* LaunchScreen.xib */ = {
			isa = PBXVariantGroup;
			children = (
				D4B77B8E1ABAE2370064171D /* Base */,
			);
			name = LaunchScreen.xib;
			sourceTree = "<group>";
		};
/* End PBXVariantGroup section */

/* Begin XCBuildConfiguration section */
		D4B77B9C1ABAE2370064171D /* Debug */ = {
			isa = XCBuildConfiguration;
			buildSettings = {
				ALWAYS_SEARCH_USER_PATHS = NO;
				CLANG_CXX_LANGUAGE_STANDARD = "gnu++0x";
				CLANG_CXX_LIBRARY = "libc++";
				CLANG_ENABLE_MODULES = YES;
				CLANG_ENABLE_OBJC_ARC = NO;
				CLANG_WARN_BOOL_CONVERSION = YES;
				CLANG_WARN_CONSTANT_CONVERSION = YES;
				CLANG_WARN_DIRECT_OBJC_ISA_USAGE = YES_ERROR;
				CLANG_WARN_EMPTY_BODY = YES;
				CLANG_WARN_ENUM_CONVERSION = YES;
				CLANG_WARN_INT_CONVERSION = YES;
				CLANG_WARN_OBJC_ROOT_CLASS = YES_ERROR;
				CLANG_WARN_UNREACHABLE_CODE = YES;
				CLANG_WARN__DUPLICATE_METHOD_MATCH = YES;
				"CODE_SIGN_IDENTITY[sdk=iphoneos*]" = "iPhone Developer";
				COPY_PHASE_STRIP = NO;
				ENABLE_STRICT_OBJC_MSGSEND = YES;
				GCC_C_LANGUAGE_STANDARD = gnu99;
				GCC_DYNAMIC_NO_PIC = NO;
				GCC_OPTIMIZATION_LEVEL = 0;
				GCC_PREPROCESSOR_DEFINITIONS = (
					"DEBUG=1",
					"$(inherited)",
				);
				GCC_SYMBOLS_PRIVATE_EXTERN = NO;
				GCC_WARN_64_TO_32_BIT_CONVERSION = YES;
				GCC_WARN_ABOUT_RETURN_TYPE = YES_ERROR;
				GCC_WARN_UNDECLARED_SELECTOR = YES;
				GCC_WARN_UNINITIALIZED_AUTOS = YES_AGGRESSIVE;
				GCC_WARN_UNUSED_FUNCTION = YES;
				GCC_WARN_UNUSED_VARIABLE = YES;
				IPHONEOS_DEPLOYMENT_TARGET = 7.0;
				MTL_ENABLE_DEBUG_INFO = YES;
				ONLY_ACTIVE_ARCH = YES;
				SDKROOT = iphoneos;
			};
			name = Debug;
		};
		D4B77B9D1ABAE2370064171D /* Release */ = {
			isa = XCBuildConfiguration;
			buildSettings = {
				ALWAYS_SEARCH_USER_PATHS = NO;
				CLANG_CXX_LANGUAGE_STANDARD = "gnu++0x";
				CLANG_CXX_LIBRARY = "libc++";
				CLANG_ENABLE_MODULES = YES;
				CLANG_ENABLE_OBJC_ARC = NO;
				CLANG_WARN_BOOL_CONVERSION = YES;
				CLANG_WARN_CONSTANT_CONVERSION = YES;
				CLANG_WARN_DIRECT_OBJC_ISA_USAGE = YES_ERROR;
				CLANG_WARN_EMPTY_BODY = YES;
				CLANG_WARN_ENUM_CONVERSION = YES;
				CLANG_WARN_INT_CONVERSION = YES;
				CLANG_WARN_OBJC_ROOT_CLASS = YES_ERROR;
				CLANG_WARN_UNREACHABLE_CODE = YES;
				CLANG_WARN__DUPLICATE_METHOD_MATCH = YES;
				"CODE_SIGN_IDENTITY[sdk=iphoneos*]" = "iPhone Developer";
				COPY_PHASE_STRIP = NO;
				ENABLE_NS_ASSERTIONS = NO;
				ENABLE_STRICT_OBJC_MSGSEND = YES;
				GCC_C_LANGUAGE_STANDARD = gnu99;
				GCC_WARN_64_TO_32_BIT_CONVERSION = YES;
				GCC_WARN_ABOUT_RETURN_TYPE = YES_ERROR;
				GCC_WARN_UNDECLARED_SELECTOR = YES;
				GCC_WARN_UNINITIALIZED_AUTOS = YES_AGGRESSIVE;
				GCC_WARN_UNUSED_FUNCTION = YES;
				GCC_WARN_UNUSED_VARIABLE = YES;
				IPHONEOS_DEPLOYMENT_TARGET = 7.0;
				MTL_ENABLE_DEBUG_INFO = NO;
				SDKROOT = iphoneos;
				VALIDATE_PRODUCT = YES;
			};
			name = Release;
		};
		D4B77B9F1ABAE2370064171D /* Debug */ = {
			isa = XCBuildConfiguration;
			buildSettings = {
				ASSETCATALOG_COMPILER_APPICON_NAME = AppIcon;
				ASSETCATALOG_COMPILER_LAUNCHIMAGE_NAME = LaunchImage;
				CODE_SIGN_IDENTITY = "iPhone Developer";
				INFOPLIST_FILE = MQPullToRefreshDemo/Info.plist;
				LD_RUNPATH_SEARCH_PATHS = "$(inherited) @executable_path/Frameworks";
				PRODUCT_NAME = "$(TARGET_NAME)";
			};
			name = Debug;
		};
		D4B77BA01ABAE2370064171D /* Release */ = {
			isa = XCBuildConfiguration;
			buildSettings = {
				ASSETCATALOG_COMPILER_APPICON_NAME = AppIcon;
				ASSETCATALOG_COMPILER_LAUNCHIMAGE_NAME = LaunchImage;
				CODE_SIGN_IDENTITY = "iPhone Developer";
				"CODE_SIGN_IDENTITY[sdk=*]" = "iPhone Developer";
				INFOPLIST_FILE = MQPullToRefreshDemo/Info.plist;
				LD_RUNPATH_SEARCH_PATHS = "$(inherited) @executable_path/Frameworks";
				PRODUCT_NAME = "$(TARGET_NAME)";
			};
			name = Release;
		};
		D4B77BA21ABAE2370064171D /* Debug */ = {
			isa = XCBuildConfiguration;
			buildSettings = {
				BUNDLE_LOADER = "$(TEST_HOST)";
				FRAMEWORK_SEARCH_PATHS = (
					"$(SDKROOT)/Developer/Library/Frameworks",
					"$(inherited)",
				);
				GCC_PREPROCESSOR_DEFINITIONS = (
					"DEBUG=1",
					"$(inherited)",
				);
				INFOPLIST_FILE = MQPullToRefreshDemoTests/Info.plist;
				LD_RUNPATH_SEARCH_PATHS = "$(inherited) @executable_path/Frameworks @loader_path/Frameworks";
				PRODUCT_NAME = "$(TARGET_NAME)";
				TEST_HOST = "$(BUILT_PRODUCTS_DIR)/MQPullToRefreshDemo.app/MQPullToRefreshDemo";
			};
			name = Debug;
		};
		D4B77BA31ABAE2370064171D /* Release */ = {
			isa = XCBuildConfiguration;
			buildSettings = {
				BUNDLE_LOADER = "$(TEST_HOST)";
				FRAMEWORK_SEARCH_PATHS = (
					"$(SDKROOT)/Developer/Library/Frameworks",
					"$(inherited)",
				);
				INFOPLIST_FILE = MQPullToRefreshDemoTests/Info.plist;
				LD_RUNPATH_SEARCH_PATHS = "$(inherited) @executable_path/Frameworks @loader_path/Frameworks";
				PRODUCT_NAME = "$(TARGET_NAME)";
				TEST_HOST = "$(BUILT_PRODUCTS_DIR)/MQPullToRefreshDemo.app/MQPullToRefreshDemo";
			};
			name = Release;
		};
/* End XCBuildConfiguration section */

/* Begin XCConfigurationList section */
		D4B77B761ABAE2370064171D /* Build configuration list for PBXProject "MQPullToRefreshDemo" */ = {
			isa = XCConfigurationList;
			buildConfigurations = (
				D4B77B9C1ABAE2370064171D /* Debug */,
				D4B77B9D1ABAE2370064171D /* Release */,
			);
			defaultConfigurationIsVisible = 0;
			defaultConfigurationName = Release;
		};
		D4B77B9E1ABAE2370064171D /* Build configuration list for PBXNativeTarget "MQPullToRefreshDemo" */ = {
			isa = XCConfigurationList;
			buildConfigurations = (
				D4B77B9F1ABAE2370064171D /* Debug */,
				D4B77BA01ABAE2370064171D /* Release */,
			);
			defaultConfigurationIsVisible = 0;
			defaultConfigurationName = Release;
		};
		D4B77BA11ABAE2370064171D /* Build configuration list for PBXNativeTarget "MQPullToRefreshDemoTests" */ = {
			isa = XCConfigurationList;
			buildConfigurations = (
				D4B77BA21ABAE2370064171D /* Debug */,
				D4B77BA31ABAE2370064171D /* Release */,
			);
			defaultConfigurationIsVisible = 0;
			defaultConfigurationName = Release;
		};
/* End XCConfigurationList section */
	};
	rootObject = D4B77B731ABAE2370064171D /* Project object */;
}
